PODS:
  - PPSSignatureView (0.1.2)

DEPENDENCIES:
  - PPSSignatureView (from `../PPSSignatureView.podspec`)

EXTERNAL SOURCES:
  PPSSignatureView:
    :path: "../PPSSignatureView.podspec"

SPEC CHECKSUMS:
  PPSSignatureView: 787f352ce075a7d46f78322c487da6ac9854014c

PODFILE CHECKSUM: cd126c5b3103f35cb1177e14cf3220fadf1d9e01

COCOAPODS: 1.2.0
