PODS:
  - PPSSignatureView (0.1.0)

DEPENDENCIES:
  - PPSSignatureView (from `~/Documents/Code/workspace/work/PPSSignatureView/PPSSignatureView.podspec`)

EXTERNAL SOURCES:
  PPSSignatureView:
    :path: ~/Documents/Code/workspace/work/PPSSignatureView/PPSSignatureView.podspec

SPEC CHECKSUMS:
  PPSSignatureView: 91f71dbb8e61106c6371fc12d740aa4ab131d532

COCOAPODS: 0.29.0
